
Microsoft Visual Studio Solution File, Format Version 12.00
# Visual Studio 15
Project("{FAE04EC0-301F-11D3-BF4B-00C04F79EFBC}") = "DBDemo.Android", "DBDemo.Android\DBDemo.Android.csproj", "{EBF919D7-351A-4E15-AD69-4432859DF5B4}"
EndProject
Project("{FAE04EC0-301F-11D3-BF4B-00C04F79EFBC}") = "DBDemo.iOS", "DBDemo.iOS\DBDemo.iOS.csproj", "{803FEEB9-6B6D-4F32-B513-DAE08225ABC8}"
EndProject
Project("{FAE04EC0-301F-11D3-BF4B-00C04F79EFBC}") = "DBDemo", "DBDemo\DBDemo.csproj", "{BCC9FDD1-48B6-451D-B816-D7AFB8833D65}"
EndProject
Global
	GlobalSection(SolutionConfigurationPlatforms) = preSolution
		Debug|Any CPU = Debug|Any CPU
		Release|Any CPU = Release|Any CPU
		Debug|iPhoneSimulator = Debug|iPhoneSimulator
		Release|iPhoneSimulator = Release|iPhoneSimulator
		Debug|iPhone = Debug|iPhone
		Release|iPhone = Release|iPhone
	EndGlobalSection
	GlobalSection(ProjectConfigurationPlatforms) = postSolution
		{EBF919D7-351A-4E15-AD69-4432859DF5B4}.Debug|Any CPU.ActiveCfg = Debug|Any CPU
		{EBF919D7-351A-4E15-AD69-4432859DF5B4}.Debug|Any CPU.Build.0 = Debug|Any CPU
		{EBF919D7-351A-4E15-AD69-4432859DF5B4}.Release|Any CPU.ActiveCfg = Release|Any CPU
		{EBF919D7-351A-4E15-AD69-4432859DF5B4}.Release|Any CPU.Build.0 = Release|Any CPU
		{EBF919D7-351A-4E15-AD69-4432859DF5B4}.Debug|iPhoneSimulator.ActiveCfg = Debug|Any CPU
		{EBF919D7-351A-4E15-AD69-4432859DF5B4}.Debug|iPhoneSimulator.Build.0 = Debug|Any CPU
		{EBF919D7-351A-4E15-AD69-4432859DF5B4}.Release|iPhoneSimulator.ActiveCfg = Release|Any CPU
		{EBF919D7-351A-4E15-AD69-4432859DF5B4}.Release|iPhoneSimulator.Build.0 = Release|Any CPU
		{EBF919D7-351A-4E15-AD69-4432859DF5B4}.Debug|iPhone.ActiveCfg = Debug|Any CPU
		{EBF919D7-351A-4E15-AD69-4432859DF5B4}.Debug|iPhone.Build.0 = Debug|Any CPU
		{EBF919D7-351A-4E15-AD69-4432859DF5B4}.Release|iPhone.ActiveCfg = Release|Any CPU
		{EBF919D7-351A-4E15-AD69-4432859DF5B4}.Release|iPhone.Build.0 = Release|Any CPU
		{803FEEB9-6B6D-4F32-B513-DAE08225ABC8}.Debug|Any CPU.ActiveCfg = Debug|iPhoneSimulator
		{803FEEB9-6B6D-4F32-B513-DAE08225ABC8}.Debug|Any CPU.Build.0 = Debug|iPhoneSimulator
		{803FEEB9-6B6D-4F32-B513-DAE08225ABC8}.Release|Any CPU.ActiveCfg = Release|iPhoneSimulator
		{803FEEB9-6B6D-4F32-B513-DAE08225ABC8}.Release|Any CPU.Build.0 = Release|iPhoneSimulator
		{803FEEB9-6B6D-4F32-B513-DAE08225ABC8}.Debug|iPhoneSimulator.ActiveCfg = Debug|iPhoneSimulator
		{803FEEB9-6B6D-4F32-B513-DAE08225ABC8}.Debug|iPhoneSimulator.Build.0 = Debug|iPhoneSimulator
		{803FEEB9-6B6D-4F32-B513-DAE08225ABC8}.Release|iPhoneSimulator.ActiveCfg = Release|iPhoneSimulator
		{803FEEB9-6B6D-4F32-B513-DAE08225ABC8}.Release|iPhoneSimulator.Build.0 = Release|iPhoneSimulator
		{803FEEB9-6B6D-4F32-B513-DAE08225ABC8}.Debug|iPhone.ActiveCfg = Debug|iPhone
		{803FEEB9-6B6D-4F32-B513-DAE08225ABC8}.Debug|iPhone.Build.0 = Debug|iPhone
		{803FEEB9-6B6D-4F32-B513-DAE08225ABC8}.Release|iPhone.ActiveCfg = Release|iPhone
		{803FEEB9-6B6D-4F32-B513-DAE08225ABC8}.Release|iPhone.Build.0 = Release|iPhone
		{BCC9FDD1-48B6-451D-B816-D7AFB8833D65}.Debug|Any CPU.ActiveCfg = Debug|Any CPU
		{BCC9FDD1-48B6-451D-B816-D7AFB8833D65}.Debug|Any CPU.Build.0 = Debug|Any CPU
		{BCC9FDD1-48B6-451D-B816-D7AFB8833D65}.Release|Any CPU.ActiveCfg = Release|Any CPU
		{BCC9FDD1-48B6-451D-B816-D7AFB8833D65}.Release|Any CPU.Build.0 = Release|Any CPU
		{BCC9FDD1-48B6-451D-B816-D7AFB8833D65}.Debug|iPhoneSimulator.ActiveCfg = Debug|Any CPU
		{BCC9FDD1-48B6-451D-B816-D7AFB8833D65}.Debug|iPhoneSimulator.Build.0 = Debug|Any CPU
		{BCC9FDD1-48B6-451D-B816-D7AFB8833D65}.Release|iPhoneSimulator.ActiveCfg = Release|Any CPU
		{BCC9FDD1-48B6-451D-B816-D7AFB8833D65}.Release|iPhoneSimulator.Build.0 = Release|Any CPU
		{BCC9FDD1-48B6-451D-B816-D7AFB8833D65}.Debug|iPhone.ActiveCfg = Debug|Any CPU
		{BCC9FDD1-48B6-451D-B816-D7AFB8833D65}.Debug|iPhone.Build.0 = Debug|Any CPU
		{BCC9FDD1-48B6-451D-B816-D7AFB8833D65}.Release|iPhone.ActiveCfg = Release|Any CPU
		{BCC9FDD1-48B6-451D-B816-D7AFB8833D65}.Release|iPhone.Build.0 = Release|Any CPU
	EndGlobalSection
EndGlobal
